{
  "name": "cctv-h5e-decrypt",
  "version": "0.0.1",
  "lockfileVersion": 3,
  "requires": true,
  "packages": {
    "": {
      "name": "cctv-h5e-decrypt",
      "version": "0.0.1",
      "license": "MIT",
      "dependencies": {
        "js-crc": "^0.3.1"
      }
    },
    "node_modules/js-crc": {
      "version": "0.3.1",
      "resolved": "https://registry.npmmirror.com/js-crc/-/js-crc-0.3.1.tgz",
      "integrity": "sha512-UL6puQemBcJjwdU8TVVZn0iv8/42rvvqUt47PHRaMvnBv7qxeAggVbZBf188WgGuK/+dTHI/OaRSmwSipuHzEA==",
      "license": "MIT"
    }
  }
}
